
Microsoft Visual Studio Solution File, Format Version 12.00
# Visual Studio Version 16
VisualStudioVersion = 16.0.29806.167
MinimumVisualStudioVersion = 10.0.40219.1
Project("{FAE04EC0-301F-11D3-BF4B-00C04F79EFBC}") = "Task_1", "Task_1\Task_1.csproj", "{84E8211D-F3C5-43B2-8F86-0CA9C8DDA83E}"
EndProject
Project("{FAE04EC0-301F-11D3-BF4B-00C04F79EFBC}") = "Task_2", "Task_2\Task_2.csproj", "{0D7DD5FD-D228-479C-B182-FBBEC5D0D45A}"
EndProject
Project("{FAE04EC0-301F-11D3-BF4B-00C04F79EFBC}") = "Task_3", "Task_3\Task_3.csproj", "{32C575EE-24AD-44A0-818A-55F333D47A32}"
EndProject
Global
	GlobalSection(SolutionConfigurationPlatforms) = preSolution
		Debug|Any CPU = Debug|Any CPU
		Release|Any CPU = Release|Any CPU
	EndGlobalSection
	GlobalSection(ProjectConfigurationPlatforms) = postSolution
		{84E8211D-F3C5-43B2-8F86-0CA9C8DDA83E}.Debug|Any CPU.ActiveCfg = Debug|Any CPU
		{84E8211D-F3C5-43B2-8F86-0CA9C8DDA83E}.Debug|Any CPU.Build.0 = Debug|Any CPU
		{84E8211D-F3C5-43B2-8F86-0CA9C8DDA83E}.Release|Any CPU.ActiveCfg = Release|Any CPU
		{84E8211D-F3C5-43B2-8F86-0CA9C8DDA83E}.Release|Any CPU.Build.0 = Release|Any CPU
		{0D7DD5FD-D228-479C-B182-FBBEC5D0D45A}.Debug|Any CPU.ActiveCfg = Debug|Any CPU
		{0D7DD5FD-D228-479C-B182-FBBEC5D0D45A}.Debug|Any CPU.Build.0 = Debug|Any CPU
		{0D7DD5FD-D228-479C-B182-FBBEC5D0D45A}.Release|Any CPU.ActiveCfg = Release|Any CPU
		{0D7DD5FD-D228-479C-B182-FBBEC5D0D45A}.Release|Any CPU.Build.0 = Release|Any CPU
		{32C575EE-24AD-44A0-818A-55F333D47A32}.Debug|Any CPU.ActiveCfg = Debug|Any CPU
		{32C575EE-24AD-44A0-818A-55F333D47A32}.Debug|Any CPU.Build.0 = Debug|Any CPU
		{32C575EE-24AD-44A0-818A-55F333D47A32}.Release|Any CPU.ActiveCfg = Release|Any CPU
		{32C575EE-24AD-44A0-818A-55F333D47A32}.Release|Any CPU.Build.0 = Release|Any CPU
	EndGlobalSection
	GlobalSection(SolutionProperties) = preSolution
		HideSolutionNode = FALSE
	EndGlobalSection
	GlobalSection(ExtensibilityGlobals) = postSolution
		SolutionGuid = {A1EDA33C-9746-4ED7-A80B-77BE5496E8FA}
	EndGlobalSection
EndGlobal
